
Microsoft Visual Studio Solution File, Format Version 12.00
# Visual Studio 2013
VisualStudioVersion = 12.0.0.0
MinimumVisualStudioVersion = 10.0.0.1
Project("{FAE04EC0-301F-11D3-BF4B-00C04F79EFBC}") = "bionitio", "bionitio\bionitio.csproj", "{FBC7B42B-B858-4CB9-A04D-3AA4189BB083}"
EndProject
Project("{FAE04EC0-301F-11D3-BF4B-00C04F79EFBC}") = "test", "test\test.csproj", "{090C8DA3-D59A-4BFC-8088-BD31A9478803}"
EndProject
Global
	GlobalSection(SolutionConfigurationPlatforms) = preSolution
		Debug|Any CPU = Debug|Any CPU
		Release|Any CPU = Release|Any CPU
		Debug|x64 = Debug|x64
		Debug|x86 = Debug|x86
		Release|x64 = Release|x64
		Release|x86 = Release|x86
	EndGlobalSection
	GlobalSection(ProjectConfigurationPlatforms) = postSolution
		{FBC7B42B-B858-4CB9-A04D-3AA4189BB083}.Debug|Any CPU.ActiveCfg = Debug|Any CPU
		{FBC7B42B-B858-4CB9-A04D-3AA4189BB083}.Debug|Any CPU.Build.0 = Debug|Any CPU
		{FBC7B42B-B858-4CB9-A04D-3AA4189BB083}.Debug|x64.ActiveCfg = Debug|x64
		{FBC7B42B-B858-4CB9-A04D-3AA4189BB083}.Debug|x64.Build.0 = Debug|x64
		{FBC7B42B-B858-4CB9-A04D-3AA4189BB083}.Debug|x86.ActiveCfg = Debug|x86
		{FBC7B42B-B858-4CB9-A04D-3AA4189BB083}.Debug|x86.Build.0 = Debug|x86
		{FBC7B42B-B858-4CB9-A04D-3AA4189BB083}.Release|Any CPU.ActiveCfg = Release|Any CPU
		{FBC7B42B-B858-4CB9-A04D-3AA4189BB083}.Release|Any CPU.Build.0 = Release|Any CPU
		{FBC7B42B-B858-4CB9-A04D-3AA4189BB083}.Release|x64.ActiveCfg = Release|x64
		{FBC7B42B-B858-4CB9-A04D-3AA4189BB083}.Release|x64.Build.0 = Release|x64
		{FBC7B42B-B858-4CB9-A04D-3AA4189BB083}.Release|x86.ActiveCfg = Release|x86
		{FBC7B42B-B858-4CB9-A04D-3AA4189BB083}.Release|x86.Build.0 = Release|x86
		{090C8DA3-D59A-4BFC-8088-BD31A9478803}.Debug|Any CPU.ActiveCfg = Debug|Any CPU
		{090C8DA3-D59A-4BFC-8088-BD31A9478803}.Debug|Any CPU.Build.0 = Debug|Any CPU
		{090C8DA3-D59A-4BFC-8088-BD31A9478803}.Debug|x64.ActiveCfg = Debug|x64
		{090C8DA3-D59A-4BFC-8088-BD31A9478803}.Debug|x64.Build.0 = Debug|x64
		{090C8DA3-D59A-4BFC-8088-BD31A9478803}.Debug|x86.ActiveCfg = Debug|x86
		{090C8DA3-D59A-4BFC-8088-BD31A9478803}.Debug|x86.Build.0 = Debug|x86
		{090C8DA3-D59A-4BFC-8088-BD31A9478803}.Release|Any CPU.ActiveCfg = Release|Any CPU
		{090C8DA3-D59A-4BFC-8088-BD31A9478803}.Release|Any CPU.Build.0 = Release|Any CPU
		{090C8DA3-D59A-4BFC-8088-BD31A9478803}.Release|x64.ActiveCfg = Release|x64
		{090C8DA3-D59A-4BFC-8088-BD31A9478803}.Release|x64.Build.0 = Release|x64
		{090C8DA3-D59A-4BFC-8088-BD31A9478803}.Release|x86.ActiveCfg = Release|x86
		{090C8DA3-D59A-4BFC-8088-BD31A9478803}.Release|x86.Build.0 = Release|x86
	EndGlobalSection
	GlobalSection(SolutionProperties) = preSolution
		HideSolutionNode = FALSE
	EndGlobalSection
EndGlobal
